// !$*UTF8*$!
{
	archiveVersion = 1;
	classes = {
	};
	objectVersion = 46;
	objects = {

/* Begin PBXBuildFile section */
		9400B3AF1B61EA1A0023269A /* AppDelegate.swift in Sources */ = {isa = PBXBuildFile; fileRef = 9400B3AE1B61EA1A0023269A /* AppDelegate.swift */; };
		9400B3B11B61EA1A0023269A /* ViewController.swift in Sources */ = {isa = PBXBuildFile; fileRef = 9400B3B01B61EA1A0023269A /* ViewController.swift */; };
		9400B3B41B61EA1A0023269A /* Main.storyboard in Resources */ = {isa = PBXBuildFile; fileRef = 9400B3B21B61EA1A0023269A /* Main.storyboard */; };
		9400B3B61B61EA1A0023269A /* Images.xcassets in Resources */ = {isa = PBXBuildFile; fileRef = 9400B3B51B61EA1A0023269A /* Images.xcassets */; };
		9400B3B91B61EA1A0023269A /* LaunchScreen.xib in Resources */ = {isa = PBXBuildFile; fileRef = 9400B3B71B61EA1A0023269A /* LaunchScreen.xib */; };
		9400B3C51B61EA1A0023269A /* CalculatorTests.swift in Sources */ = {isa = PBXBuildFile; fileRef = 9400B3C41B61EA1A0023269A /* CalculatorTests.swift */; };
/* End PBXBuildFile section */

/* Begin PBXContainerItemProxy section */
		9400B3BF1B61EA1A0023269A /* PBXContainerItemProxy */ = {
			isa = PBXContainerItemProxy;
			containerPortal = 9400B3A11B61EA1A0023269A /* Project object */;
			proxyType = 1;
			remoteGlobalIDString = 9400B3A81B61EA1A0023269A;
			remoteInfo = Calculator;
		};
/* End PBXContainerItemProxy section */

/* Begin PBXFileReference section */
		9400B3A91B61EA1A0023269A /* Calculator.app */ = {isa = PBXFileReference; explicitFileType = wrapper.application; includeInIndex = 0; path = Calculator.app; sourceTree = BUILT_PRODUCTS_DIR; };
		9400B3AD1B61EA1A0023269A /* Info.plist */ = {isa = PBXFileReference; lastKnownFileType = text.plist.xml; path = Info.plist; sourceTree = "<group>"; };
		9400B3AE1B61EA1A0023269A /* AppDelegate.swift */ = {isa = PBXFileReference; lastKnownFileType = sourcecode.swift; path = AppDelegate.swift; sourceTree = "<group>"; };
		9400B3B01B61EA1A0023269A /* ViewController.swift */ = {isa = PBXFileReference; lastKnownFileType = sourcecode.swift; path = ViewController.swift; sourceTree = "<group>"; };
		9400B3B31B61EA1A0023269A /* Base */ = {isa = PBXFileReference; lastKnownFileType = file.storyboard; name = Base; path = Base.lproj/Main.storyboard; sourceTree = "<group>"; };
		9400B3B51B61EA1A0023269A /* Images.xcassets */ = {isa = PBXFileReference; lastKnownFileType = folder.assetcatalog; path = Images.xcassets; sourceTree = "<group>"; };
		9400B3B81B61EA1A0023269A /* Base */ = {isa = PBXFileReference; lastKnownFileType = file.xib; name = Base; path = Base.lproj/LaunchScreen.xib; sourceTree = "<group>"; };
		9400B3BE1B61EA1A0023269A /* CalculatorTests.xctest */ = {isa = PBXFileReference; explicitFileType = wrapper.cfbundle; includeInIndex = 0; path = CalculatorTests.xctest; sourceTree = BUILT_PRODUCTS_DIR; };
		9400B3C31B61EA1A0023269A /* Info.plist */ = {isa = PBXFileReference; lastKnownFileType = text.plist.xml; path = Info.plist; sourceTree = "<group>"; };
		9400B3C41B61EA1A0023269A /* CalculatorTests.swift */ = {isa = PBXFileReference; lastKnownFileType = sourcecode.swift; path = CalculatorTests.swift; sourceTree = "<group>"; };
/* End PBXFileReference section */

/* Begin PBXFrameworksBuildPhase section */
		9400B3A61B61EA1A0023269A /* Frameworks */ = {
			isa = PBXFrameworksBuildPhase;
			buildActionMask = 2147483647;
			files = (
			);
			runOnlyForDeploymentPostprocessing = 0;
		};
		9400B3BB1B61EA1A0023269A /* Frameworks */ = {
			isa = PBXFrameworksBuildPhase;
			buildActionMask = 2147483647;
			files = (
			);
			runOnlyForDeploymentPostprocessing = 0;
		};
/* End PBXFrameworksBuildPhase section */

/* Begin PBXGroup section */
		9400B3A01B61EA1A0023269A = {
			isa = PBXGroup;
			children = (
				9400B3AB1B61EA1A0023269A /* Calculator */,
				9400B3C11B61EA1A0023269A /* CalculatorTests */,
				9400B3AA1B61EA1A0023269A /* Products */,
			);
			sourceTree = "<group>";
		};
		9400B3AA1B61EA1A0023269A /* Products */ = {
			isa = PBXGroup;
			children = (
				9400B3A91B61EA1A0023269A /* Calculator.app */,
				9400B3BE1B61EA1A0023269A /* CalculatorTests.xctest */,
			);
			name = Products;
			sourceTree = "<group>";
		};
		9400B3AB1B61EA1A0023269A /* Calculator */ = {
			isa = PBXGroup;
			children = (
				9400B3AE1B61EA1A0023269A /* AppDelegate.swift */,
				9400B3B01B61EA1A0023269A /* ViewController.swift */,
				9400B3B21B61EA1A0023269A /* Main.storyboard */,
				9400B3B51B61EA1A0023269A /* Images.xcassets */,
				9400B3B71B61EA1A0023269A /* LaunchScreen.xib */,
				9400B3AC1B61EA1A0023269A /* Supporting Files */,
			);
			path = Calculator;
			sourceTree = "<group>";
		};
		9400B3AC1B61EA1A0023269A /* Supporting Files */ = {
			isa = PBXGroup;
			children = (
				9400B3AD1B61EA1A0023269A /* Info.plist */,
			);
			name = "Supporting Files";
			sourceTree = "<group>";
		};
		9400B3C11B61EA1A0023269A /* CalculatorTests */ = {
			isa = PBXGroup;
			children = (
				9400B3C41B61EA1A0023269A /* CalculatorTests.swift */,
				9400B3C21B61EA1A0023269A /* Supporting Files */,
			);
			path = CalculatorTests;
			sourceTree = "<group>";
		};
		9400B3C21B61EA1A0023269A /* Supporting Files */ = {
			isa = PBXGroup;
			children = (
				9400B3C31B61EA1A0023269A /* Info.plist */,
			);
			name = "Supporting Files";
			sourceTree = "<group>";
		};
/* End PBXGroup section */

/* Begin PBXNativeTarget section */
		9400B3A81B61EA1A0023269A /* Calculator */ = {
			isa = PBXNativeTarget;
			buildConfigurationList = 9400B3C81B61EA1A0023269A /* Build configuration list for PBXNativeTarget "Calculator" */;
			buildPhases = (
				9400B3A51B61EA1A0023269A /* Sources */,
				9400B3A61B61EA1A0023269A /* Frameworks */,
				9400B3A71B61EA1A0023269A /* Resources */,
			);
			buildRules = (
			);
			dependencies = (
			);
			name = Calculator;
			productName = Calculator;
			productReference = 9400B3A91B61EA1A0023269A /* Calculator.app */;
			productType = "com.apple.product-type.application";
		};
		9400B3BD1B61EA1A0023269A /* CalculatorTests */ = {
			isa = PBXNativeTarget;
			buildConfigurationList = 9400B3CB1B61EA1A0023269A /* Build configuration list for PBXNativeTarget "CalculatorTests" */;
			buildPhases = (
				9400B3BA1B61EA1A0023269A /* Sources */,
				9400B3BB1B61EA1A0023269A /* Frameworks */,
				9400B3BC1B61EA1A0023269A /* Resources */,
			);
			buildRules = (
			);
			dependencies = (
				9400B3C01B61EA1A0023269A /* PBXTargetDependency */,
			);
			name = CalculatorTests;
			productName = CalculatorTests;
			productReference = 9400B3BE1B61EA1A0023269A /* CalculatorTests.xctest */;
			productType = "com.apple.product-type.bundle.unit-test";
		};
/* End PBXNativeTarget section */

/* Begin PBXProject section */
		9400B3A11B61EA1A0023269A /* Project object */ = {
			isa = PBXProject;
			attributes = {
				LastUpgradeCheck = 0640;
				ORGANIZATIONNAME = thehub;
				TargetAttributes = {
					9400B3A81B61EA1A0023269A = {
						CreatedOnToolsVersion = 6.4;
					};
					9400B3BD1B61EA1A0023269A = {
						CreatedOnToolsVersion = 6.4;
						TestTargetID = 9400B3A81B61EA1A0023269A;
					};
				};
			};
			buildConfigurationList = 9400B3A41B61EA1A0023269A /* Build configuration list for PBXProject "Calculator" */;
			compatibilityVersion = "Xcode 3.2";
			developmentRegion = English;
			hasScannedForEncodings = 0;
			knownRegions = (
				en,
				Base,
			);
			mainGroup = 9400B3A01B61EA1A0023269A;
			productRefGroup = 9400B3AA1B61EA1A0023269A /* Products */;
			projectDirPath = "";
			projectRoot = "";
			targets = (
				9400B3A81B61EA1A0023269A /* Calculator */,
				9400B3BD1B61EA1A0023269A /* CalculatorTests */,
			);
		};
/* End PBXProject section */

/* Begin PBXResourcesBuildPhase section */
		9400B3A71B61EA1A0023269A /* Resources */ = {
			isa = PBXResourcesBuildPhase;
			buildActionMask = 2147483647;
			files = (
				9400B3B41B61EA1A0023269A /* Main.storyboard in Resources */,
				9400B3B91B61EA1A0023269A /* LaunchScreen.xib in Resources */,
				9400B3B61B61EA1A0023269A /* Images.xcassets in Resources */,
			);
			runOnlyForDeploymentPostprocessing = 0;
		};
		9400B3BC1B61EA1A0023269A /* Resources */ = {
			isa = PBXResourcesBuildPhase;
			buildActionMask = 2147483647;
			files = (
			);
			runOnlyForDeploymentPostprocessing = 0;
		};
/* End PBXResourcesBuildPhase section */

/* Begin PBXSourcesBuildPhase section */
		9400B3A51B61EA1A0023269A /* Sources */ = {
			isa = PBXSourcesBuildPhase;
			buildActionMask = 2147483647;
			files = (
				9400B3B11B61EA1A0023269A /* ViewController.swift in Sources */,
				9400B3AF1B61EA1A0023269A /* AppDelegate.swift in Sources */,
			);
			runOnlyForDeploymentPostprocessing = 0;
		};
		9400B3BA1B61EA1A0023269A /* Sources */ = {
			isa = PBXSourcesBuildPhase;
			buildActionMask = 2147483647;
			files = (
				9400B3C51B61EA1A0023269A /* CalculatorTests.swift in Sources */,
			);
			runOnlyForDeploymentPostprocessing = 0;
		};
/* End PBXSourcesBuildPhase section */

/* Begin PBXTargetDependency section */
		9400B3C01B61EA1A0023269A /* PBXTargetDependency */ = {
			isa = PBXTargetDependency;
			target = 9400B3A81B61EA1A0023269A /* Calculator */;
			targetProxy = 9400B3BF1B61EA1A0023269A /* PBXContainerItemProxy */;
		};
/* End PBXTargetDependency section */

/* Begin PBXVariantGroup section */
		9400B3B21B61EA1A0023269A /* Main.storyboard */ = {
			isa = PBXVariantGroup;
			children = (
				9400B3B31B61EA1A0023269A /* Base */,
			);
			name = Main.storyboard;
			sourceTree = "<group>";
		};
		9400B3B71B61EA1A0023269A /* LaunchScreen.xib */ = {
			isa = PBXVariantGroup;
			children = (
				9400B3B81B61EA1A0023269A /* Base */,
			);
			name = LaunchScreen.xib;
			sourceTree = "<group>";
		};
/* End PBXVariantGroup section */

/* Begin XCBuildConfiguration section */
		9400B3C61B61EA1A0023269A /* Debug */ = {
			isa = XCBuildConfiguration;
			buildSettings = {
				ALWAYS_SEARCH_USER_PATHS = NO;
				CLANG_CXX_LANGUAGE_STANDARD = "gnu++0x";
				CLANG_CXX_LIBRARY = "libc++";
				CLANG_ENABLE_MODULES = YES;
				CLANG_ENABLE_OBJC_ARC = YES;
				CLANG_WARN_BOOL_CONVERSION = YES;
				CLANG_WARN_CONSTANT_CONVERSION = YES;
				CLANG_WARN_DIRECT_OBJC_ISA_USAGE = YES_ERROR;
				CLANG_WARN_EMPTY_BODY = YES;
				CLANG_WARN_ENUM_CONVERSION = YES;
				CLANG_WARN_INT_CONVERSION = YES;
				CLANG_WARN_OBJC_ROOT_CLASS = YES_ERROR;
				CLANG_WARN_UNREACHABLE_CODE = YES;
				CLANG_WARN__DUPLICATE_METHOD_MATCH = YES;
				"CODE_SIGN_IDENTITY[sdk=iphoneos*]" = "iPhone Developer";
				COPY_PHASE_STRIP = NO;
				DEBUG_INFORMATION_FORMAT = "dwarf-with-dsym";
				ENABLE_STRICT_OBJC_MSGSEND = YES;
				GCC_C_LANGUAGE_STANDARD = gnu99;
				GCC_DYNAMIC_NO_PIC = NO;
				GCC_NO_COMMON_BLOCKS = YES;
				GCC_OPTIMIZATION_LEVEL = 0;
				GCC_PREPROCESSOR_DEFINITIONS = (
					"DEBUG=1",
					"$(inherited)",
				);
				GCC_SYMBOLS_PRIVATE_EXTERN = NO;
				GCC_WARN_64_TO_32_BIT_CONVERSION = YES;
				GCC_WARN_ABOUT_RETURN_TYPE = YES_ERROR;
				GCC_WARN_UNDECLARED_SELECTOR = YES;
				GCC_WARN_UNINITIALIZED_AUTOS = YES_AGGRESSIVE;
				GCC_WARN_UNUSED_FUNCTION = YES;
				GCC_WARN_UNUSED_VARIABLE = YES;
				IPHONEOS_DEPLOYMENT_TARGET = 8.4;
				MTL_ENABLE_DEBUG_INFO = YES;
				ONLY_ACTIVE_ARCH = YES;
				SDKROOT = iphoneos;
				SWIFT_OPTIMIZATION_LEVEL = "-Onone";
				TARGETED_DEVICE_FAMILY = "1,2";
			};
			name = Debug;
		};
		9400B3C71B61EA1A0023269A /* Release */ = {
			isa = XCBuildConfiguration;
			buildSettings = {
				ALWAYS_SEARCH_USER_PATHS = NO;
				CLANG_CXX_LANGUAGE_STANDARD = "gnu++0x";
				CLANG_CXX_LIBRARY = "libc++";
				CLANG_ENABLE_MODULES = YES;
				CLANG_ENABLE_OBJC_ARC = YES;
				CLANG_WARN_BOOL_CONVERSION = YES;
				CLANG_WARN_CONSTANT_CONVERSION = YES;
				CLANG_WARN_DIRECT_OBJC_ISA_USAGE = YES_ERROR;
				CLANG_WARN_EMPTY_BODY = YES;
				CLANG_WARN_ENUM_CONVERSION = YES;
				CLANG_WARN_INT_CONVERSION = YES;
				CLANG_WARN_OBJC_ROOT_CLASS = YES_ERROR;
				CLANG_WARN_UNREACHABLE_CODE = YES;
				CLANG_WARN__DUPLICATE_METHOD_MATCH = YES;
				"CODE_SIGN_IDENTITY[sdk=iphoneos*]" = "iPhone Developer";
				COPY_PHASE_STRIP = NO;
				DEBUG_INFORMATION_FORMAT = "dwarf-with-dsym";
				ENABLE_NS_ASSERTIONS = NO;
				ENABLE_STRICT_OBJC_MSGSEND = YES;
				GCC_C_LANGUAGE_STANDARD = gnu99;
				GCC_NO_COMMON_BLOCKS = YES;
				GCC_WARN_64_TO_32_BIT_CONVERSION = YES;
				GCC_WARN_ABOUT_RETURN_TYPE = YES_ERROR;
				GCC_WARN_UNDECLARED_SELECTOR = YES;
				GCC_WARN_UNINITIALIZED_AUTOS = YES_AGGRESSIVE;
				GCC_WARN_UNUSED_FUNCTION = YES;
				GCC_WARN_UNUSED_VARIABLE = YES;
				IPHONEOS_DEPLOYMENT_TARGET = 8.4;
				MTL_ENABLE_DEBUG_INFO = NO;
				SDKROOT = iphoneos;
				TARGETED_DEVICE_FAMILY = "1,2";
				VALIDATE_PRODUCT = YES;
			};
			name = Release;
		};
		9400B3C91B61EA1A0023269A /* Debug */ = {
			isa = XCBuildConfiguration;
			buildSettings = {
				ASSETCATALOG_COMPILER_APPICON_NAME = AppIcon;
				INFOPLIST_FILE = Calculator/Info.plist;
				LD_RUNPATH_SEARCH_PATHS = "$(inherited) @executable_path/Frameworks";
				PRODUCT_NAME = "$(TARGET_NAME)";
			};
			name = Debug;
		};
		9400B3CA1B61EA1A0023269A /* Release */ = {
			isa = XCBuildConfiguration;
			buildSettings = {
				ASSETCATALOG_COMPILER_APPICON_NAME = AppIcon;
				INFOPLIST_FILE = Calculator/Info.plist;
				LD_RUNPATH_SEARCH_PATHS = "$(inherited) @executable_path/Frameworks";
				PRODUCT_NAME = "$(TARGET_NAME)";
			};
			name = Release;
		};
		9400B3CC1B61EA1A0023269A /* Debug */ = {
			isa = XCBuildConfiguration;
			buildSettings = {
				BUNDLE_LOADER = "$(TEST_HOST)";
				FRAMEWORK_SEARCH_PATHS = (
					"$(SDKROOT)/Developer/Library/Frameworks",
					"$(inherited)",
				);
				GCC_PREPROCESSOR_DEFINITIONS = (
					"DEBUG=1",
					"$(inherited)",
				);
				INFOPLIST_FILE = CalculatorTests/Info.plist;
				LD_RUNPATH_SEARCH_PATHS = "$(inherited) @executable_path/Frameworks @loader_path/Frameworks";
				PRODUCT_NAME = "$(TARGET_NAME)";
				TEST_HOST = "$(BUILT_PRODUCTS_DIR)/Calculator.app/Calculator";
			};
			name = Debug;
		};
		9400B3CD1B61EA1A0023269A /* Release */ = {
			isa = XCBuildConfiguration;
			buildSettings = {
				BUNDLE_LOADER = "$(TEST_HOST)";
				FRAMEWORK_SEARCH_PATHS = (
					"$(SDKROOT)/Developer/Library/Frameworks",
					"$(inherited)",
				);
				INFOPLIST_FILE = CalculatorTests/Info.plist;
				LD_RUNPATH_SEARCH_PATHS = "$(inherited) @executable_path/Frameworks @loader_path/Frameworks";
				PRODUCT_NAME = "$(TARGET_NAME)";
				TEST_HOST = "$(BUILT_PRODUCTS_DIR)/Calculator.app/Calculator";
			};
			name = Release;
		};
/* End XCBuildConfiguration section */

/* Begin XCConfigurationList section */
		9400B3A41B61EA1A0023269A /* Build configuration list for PBXProject "Calculator" */ = {
			isa = XCConfigurationList;
			buildConfigurations = (
				9400B3C61B61EA1A0023269A /* Debug */,
				9400B3C71B61EA1A0023269A /* Release */,
			);
			defaultConfigurationIsVisible = 0;
			defaultConfigurationName = Release;
		};
		9400B3C81B61EA1A0023269A /* Build configuration list for PBXNativeTarget "Calculator" */ = {
			isa = XCConfigurationList;
			buildConfigurations = (
				9400B3C91B61EA1A0023269A /* Debug */,
				9400B3CA1B61EA1A0023269A /* Release */,
			);
			defaultConfigurationIsVisible = 0;
		};
		9400B3CB1B61EA1A0023269A /* Build configuration list for PBXNativeTarget "CalculatorTests" */ = {
			isa = XCConfigurationList;
			buildConfigurations = (
				9400B3CC1B61EA1A0023269A /* Debug */,
				9400B3CD1B61EA1A0023269A /* Release */,
			);
			defaultConfigurationIsVisible = 0;
		};
/* End XCConfigurationList section */
	};
	rootObject = 9400B3A11B61EA1A0023269A /* Project object */;
}
